
Microsoft Visual Studio Solution File, Format Version 12.00
# Visual Studio 2013
VisualStudioVersion = 12.0.31101.0
MinimumVisualStudioVersion = 10.0.40219.1
Project("{FAE04EC0-301F-11D3-BF4B-00C04F79EFBC}") = "SampleProject", "SampleProject\SampleProject.csproj", "{081E22D3-0732-465C-BEAF-6704EA50A7D8}"
EndProject
Project("{FAE04EC0-301F-11D3-BF4B-00C04F79EFBC}") = "BemCheckBox", "BemCheckBox\BemCheckBox.csproj", "{D12D07D3-5678-4F28-BE77-80244C4BEC80}"
EndProject
Global
	GlobalSection(SolutionConfigurationPlatforms) = preSolution
		Ad-Hoc|Any CPU = Ad-Hoc|Any CPU
		Ad-Hoc|iPhone = Ad-Hoc|iPhone
		Ad-Hoc|iPhoneSimulator = Ad-Hoc|iPhoneSimulator
		Ad-Hoc|Mixed Platforms = Ad-Hoc|Mixed Platforms
		AppStore|Any CPU = AppStore|Any CPU
		AppStore|iPhone = AppStore|iPhone
		AppStore|iPhoneSimulator = AppStore|iPhoneSimulator
		AppStore|Mixed Platforms = AppStore|Mixed Platforms
		Debug|Any CPU = Debug|Any CPU
		Debug|iPhone = Debug|iPhone
		Debug|iPhoneSimulator = Debug|iPhoneSimulator
		Debug|Mixed Platforms = Debug|Mixed Platforms
		Release|Any CPU = Release|Any CPU
		Release|iPhone = Release|iPhone
		Release|iPhoneSimulator = Release|iPhoneSimulator
		Release|Mixed Platforms = Release|Mixed Platforms
	EndGlobalSection
	GlobalSection(ProjectConfigurationPlatforms) = postSolution
		{081E22D3-0732-465C-BEAF-6704EA50A7D8}.Ad-Hoc|Any CPU.ActiveCfg = Ad-Hoc|iPhone
		{081E22D3-0732-465C-BEAF-6704EA50A7D8}.Ad-Hoc|iPhone.ActiveCfg = Ad-Hoc|iPhone
		{081E22D3-0732-465C-BEAF-6704EA50A7D8}.Ad-Hoc|iPhone.Build.0 = Ad-Hoc|iPhone
		{081E22D3-0732-465C-BEAF-6704EA50A7D8}.Ad-Hoc|iPhoneSimulator.ActiveCfg = Ad-Hoc|iPhoneSimulator
		{081E22D3-0732-465C-BEAF-6704EA50A7D8}.Ad-Hoc|iPhoneSimulator.Build.0 = Ad-Hoc|iPhoneSimulator
		{081E22D3-0732-465C-BEAF-6704EA50A7D8}.Ad-Hoc|Mixed Platforms.ActiveCfg = Ad-Hoc|iPhone
		{081E22D3-0732-465C-BEAF-6704EA50A7D8}.Ad-Hoc|Mixed Platforms.Build.0 = Ad-Hoc|iPhone
		{081E22D3-0732-465C-BEAF-6704EA50A7D8}.AppStore|Any CPU.ActiveCfg = AppStore|iPhone
		{081E22D3-0732-465C-BEAF-6704EA50A7D8}.AppStore|iPhone.ActiveCfg = AppStore|iPhone
		{081E22D3-0732-465C-BEAF-6704EA50A7D8}.AppStore|iPhone.Build.0 = AppStore|iPhone
		{081E22D3-0732-465C-BEAF-6704EA50A7D8}.AppStore|iPhoneSimulator.ActiveCfg = AppStore|iPhoneSimulator
		{081E22D3-0732-465C-BEAF-6704EA50A7D8}.AppStore|iPhoneSimulator.Build.0 = AppStore|iPhoneSimulator
		{081E22D3-0732-465C-BEAF-6704EA50A7D8}.AppStore|Mixed Platforms.ActiveCfg = AppStore|iPhone
		{081E22D3-0732-465C-BEAF-6704EA50A7D8}.AppStore|Mixed Platforms.Build.0 = AppStore|iPhone
		{081E22D3-0732-465C-BEAF-6704EA50A7D8}.Debug|Any CPU.ActiveCfg = Debug|iPhone
		{081E22D3-0732-465C-BEAF-6704EA50A7D8}.Debug|iPhone.ActiveCfg = Debug|iPhone
		{081E22D3-0732-465C-BEAF-6704EA50A7D8}.Debug|iPhone.Build.0 = Debug|iPhone
		{081E22D3-0732-465C-BEAF-6704EA50A7D8}.Debug|iPhoneSimulator.ActiveCfg = Debug|iPhoneSimulator
		{081E22D3-0732-465C-BEAF-6704EA50A7D8}.Debug|iPhoneSimulator.Build.0 = Debug|iPhoneSimulator
		{081E22D3-0732-465C-BEAF-6704EA50A7D8}.Debug|Mixed Platforms.ActiveCfg = Debug|iPhone
		{081E22D3-0732-465C-BEAF-6704EA50A7D8}.Debug|Mixed Platforms.Build.0 = Debug|iPhone
		{081E22D3-0732-465C-BEAF-6704EA50A7D8}.Release|Any CPU.ActiveCfg = Release|iPhone
		{081E22D3-0732-465C-BEAF-6704EA50A7D8}.Release|iPhone.ActiveCfg = Release|iPhone
		{081E22D3-0732-465C-BEAF-6704EA50A7D8}.Release|iPhone.Build.0 = Release|iPhone
		{081E22D3-0732-465C-BEAF-6704EA50A7D8}.Release|iPhoneSimulator.ActiveCfg = Release|iPhoneSimulator
		{081E22D3-0732-465C-BEAF-6704EA50A7D8}.Release|iPhoneSimulator.Build.0 = Release|iPhoneSimulator
		{081E22D3-0732-465C-BEAF-6704EA50A7D8}.Release|Mixed Platforms.ActiveCfg = Release|iPhone
		{081E22D3-0732-465C-BEAF-6704EA50A7D8}.Release|Mixed Platforms.Build.0 = Release|iPhone
		{D12D07D3-5678-4F28-BE77-80244C4BEC80}.Ad-Hoc|Any CPU.ActiveCfg = Release|Any CPU
		{D12D07D3-5678-4F28-BE77-80244C4BEC80}.Ad-Hoc|Any CPU.Build.0 = Release|Any CPU
		{D12D07D3-5678-4F28-BE77-80244C4BEC80}.Ad-Hoc|iPhone.ActiveCfg = Release|Any CPU
		{D12D07D3-5678-4F28-BE77-80244C4BEC80}.Ad-Hoc|iPhoneSimulator.ActiveCfg = Release|Any CPU
		{D12D07D3-5678-4F28-BE77-80244C4BEC80}.Ad-Hoc|Mixed Platforms.ActiveCfg = Release|Any CPU
		{D12D07D3-5678-4F28-BE77-80244C4BEC80}.Ad-Hoc|Mixed Platforms.Build.0 = Release|Any CPU
		{D12D07D3-5678-4F28-BE77-80244C4BEC80}.AppStore|Any CPU.ActiveCfg = Release|Any CPU
		{D12D07D3-5678-4F28-BE77-80244C4BEC80}.AppStore|Any CPU.Build.0 = Release|Any CPU
		{D12D07D3-5678-4F28-BE77-80244C4BEC80}.AppStore|iPhone.ActiveCfg = Release|Any CPU
		{D12D07D3-5678-4F28-BE77-80244C4BEC80}.AppStore|iPhoneSimulator.ActiveCfg = Release|Any CPU
		{D12D07D3-5678-4F28-BE77-80244C4BEC80}.AppStore|Mixed Platforms.ActiveCfg = Release|Any CPU
		{D12D07D3-5678-4F28-BE77-80244C4BEC80}.AppStore|Mixed Platforms.Build.0 = Release|Any CPU
		{D12D07D3-5678-4F28-BE77-80244C4BEC80}.Debug|Any CPU.ActiveCfg = Debug|Any CPU
		{D12D07D3-5678-4F28-BE77-80244C4BEC80}.Debug|Any CPU.Build.0 = Debug|Any CPU
		{D12D07D3-5678-4F28-BE77-80244C4BEC80}.Debug|iPhone.ActiveCfg = Debug|Any CPU
		{D12D07D3-5678-4F28-BE77-80244C4BEC80}.Debug|iPhone.Build.0 = Debug|Any CPU
		{D12D07D3-5678-4F28-BE77-80244C4BEC80}.Debug|iPhoneSimulator.ActiveCfg = Debug|Any CPU
		{D12D07D3-5678-4F28-BE77-80244C4BEC80}.Debug|Mixed Platforms.ActiveCfg = Debug|Any CPU
		{D12D07D3-5678-4F28-BE77-80244C4BEC80}.Debug|Mixed Platforms.Build.0 = Debug|Any CPU
		{D12D07D3-5678-4F28-BE77-80244C4BEC80}.Release|Any CPU.ActiveCfg = Release|Any CPU
		{D12D07D3-5678-4F28-BE77-80244C4BEC80}.Release|Any CPU.Build.0 = Release|Any CPU
		{D12D07D3-5678-4F28-BE77-80244C4BEC80}.Release|iPhone.ActiveCfg = Release|Any CPU
		{D12D07D3-5678-4F28-BE77-80244C4BEC80}.Release|iPhoneSimulator.ActiveCfg = Release|Any CPU
		{D12D07D3-5678-4F28-BE77-80244C4BEC80}.Release|Mixed Platforms.ActiveCfg = Release|Any CPU
		{D12D07D3-5678-4F28-BE77-80244C4BEC80}.Release|Mixed Platforms.Build.0 = Release|Any CPU
	EndGlobalSection
	GlobalSection(SolutionProperties) = preSolution
		HideSolutionNode = FALSE
	EndGlobalSection
EndGlobal
